lockfileVersion: '9.0'

settings:
  autoInstallPeers: true
  excludeLinksFromLockfile: false

importers:

  .:
    dependencies:
      '@hono/node-server':
        specifier: ^1.19.6
        version: 1.19.6(hono@4.10.6)
      hono:
        specifier: ^4.10.6
        version: 4.10.6

packages:

  '@hono/node-server@1.19.6':
    resolution: {integrity: sha512-Shz/KjlIeAhfiuE93NDKVdZ7HdBVLQAfdbaXEaoAVO3ic9ibRSLGIQGkcBbFyuLr+7/1D5ZCINM8B+6IvXeMtw==}
    engines: {node: '>=18.14.1'}
    peerDependencies:
      hono: ^4

  hono@4.10.6:
    resolution: {integrity: sha512-BIdolzGpDO9MQ4nu3AUuDwHZZ+KViNm+EZ75Ae55eMXMqLVhDFqEMXxtUe9Qh8hjL+pIna/frs2j6Y2yD5Ua/g==}
    engines: {node: '>=16.9.0'}

snapshots:

  '@hono/node-server@1.19.6(hono@4.10.6)':
    dependencies:
      hono: 4.10.6

  hono@4.10.6: {}
